
Microsoft Visual Studio Solution File, Format Version 12.00
# Visual Studio 14
VisualStudioVersion = 14.0.25420.1
MinimumVisualStudioVersion = 10.0.40219.1
Project("{FAE04EC0-301F-11D3-BF4B-00C04F79EFBC}") = "LifeCoach.Domain", "LifeCoach.Domain\LifeCoach.Domain.csproj", "{F3922AB1-E969-46E7-AFE9-A74D2DA2C917}"
EndProject
Project("{FAE04EC0-301F-11D3-BF4B-00C04F79EFBC}") = "LifeCoach.Domain.Tests", "LifeCoach.Domain.Tests\LifeCoach.Domain.Tests.csproj", "{32551DBA-6A05-456C-BA36-EF8CF2C576AE}"
EndProject
Project("{FAE04EC0-301F-11D3-BF4B-00C04F79EFBC}") = "LifeCoach.Console", "LifeCoach.Console\LifeCoach.Console.csproj", "{DBD68BCD-F626-4C82-98F9-85A0844210BE}"
EndProject
Global
	GlobalSection(SolutionConfigurationPlatforms) = preSolution
		Debug|Any CPU = Debug|Any CPU
		Release|Any CPU = Release|Any CPU
	EndGlobalSection
	GlobalSection(ProjectConfigurationPlatforms) = postSolution
		{F3922AB1-E969-46E7-AFE9-A74D2DA2C917}.Debug|Any CPU.ActiveCfg = Debug|Any CPU
		{F3922AB1-E969-46E7-AFE9-A74D2DA2C917}.Debug|Any CPU.Build.0 = Debug|Any CPU
		{F3922AB1-E969-46E7-AFE9-A74D2DA2C917}.Release|Any CPU.ActiveCfg = Release|Any CPU
		{F3922AB1-E969-46E7-AFE9-A74D2DA2C917}.Release|Any CPU.Build.0 = Release|Any CPU
		{32551DBA-6A05-456C-BA36-EF8CF2C576AE}.Debug|Any CPU.ActiveCfg = Debug|Any CPU
		{32551DBA-6A05-456C-BA36-EF8CF2C576AE}.Debug|Any CPU.Build.0 = Debug|Any CPU
		{32551DBA-6A05-456C-BA36-EF8CF2C576AE}.Release|Any CPU.ActiveCfg = Release|Any CPU
		{32551DBA-6A05-456C-BA36-EF8CF2C576AE}.Release|Any CPU.Build.0 = Release|Any CPU
		{DBD68BCD-F626-4C82-98F9-85A0844210BE}.Debug|Any CPU.ActiveCfg = Debug|Any CPU
		{DBD68BCD-F626-4C82-98F9-85A0844210BE}.Debug|Any CPU.Build.0 = Debug|Any CPU
		{DBD68BCD-F626-4C82-98F9-85A0844210BE}.Release|Any CPU.ActiveCfg = Release|Any CPU
		{DBD68BCD-F626-4C82-98F9-85A0844210BE}.Release|Any CPU.Build.0 = Release|Any CPU
	EndGlobalSection
	GlobalSection(SolutionProperties) = preSolution
		HideSolutionNode = FALSE
	EndGlobalSection
EndGlobal
